Microsoft Visual Studio Solution File, Format Version 12.00
# Visual Studio Version 17
VisualStudioVersion = 17.8.0.0
MinimumVisualStudioVersion = 17.8.0.0
Project("{9A19103F-16F7-4668-BE54-9A1E7A4F7556}") = "AspireStarterDemo.AppHost", "AspireStarterDemo.AppHost\AspireStarterDemo.AppHost.csproj", "{291DF70B-6422-41E9-B153-47B66D027C7A}"
EndProject
Project("{9A19103F-16F7-4668-BE54-9A1E7A4F7556}") = "AspireStarterDemo.ServiceDefaults", "AspireStarterDemo.ServiceDefaults\AspireStarterDemo.ServiceDefaults.csproj", "{11C68438-6177-4180-AB9D-D0A4B7B53472}"
EndProject
Project("{9A19103F-16F7-4668-BE54-9A1E7A4F7556}") = "AspireStarterDemo.ApiService", "AspireStarterDemo.ApiService\AspireStarterDemo.ApiService.csproj", "{7594B6C1-3F39-4F24-8084-4FDE3544E608}"
EndProject
Project("{9A19103F-16F7-4668-BE54-9A1E7A4F7556}") = "AspireStarterDemo.Web", "AspireStarterDemo.Web\AspireStarterDemo.Web.csproj", "{0A86E673-0A60-44ED-A239-1DFBA7E3F4B6}"
EndProject
Project("{FAE04EC0-301F-11D3-BF4B-00C04F79EFBC}") = "AspireStarterDemo.DataService", "AspireStarterDemo.DataService\AspireStarterDemo.DataService.csproj", "{4E261A26-84D6-41EC-912C-296E7B4423B3}"
EndProject
Global
	GlobalSection(SolutionConfigurationPlatforms) = preSolution
		Debug|Any CPU = Debug|Any CPU
		Release|Any CPU = Release|Any CPU
	EndGlobalSection
	GlobalSection(ProjectConfigurationPlatforms) = postSolution
		{291DF70B-6422-41E9-B153-47B66D027C7A}.Debug|Any CPU.ActiveCfg = Debug|Any CPU
		{291DF70B-6422-41E9-B153-47B66D027C7A}.Debug|Any CPU.Build.0 = Debug|Any CPU
		{291DF70B-6422-41E9-B153-47B66D027C7A}.Release|Any CPU.ActiveCfg = Release|Any CPU
		{291DF70B-6422-41E9-B153-47B66D027C7A}.Release|Any CPU.Build.0 = Release|Any CPU
		{11C68438-6177-4180-AB9D-D0A4B7B53472}.Debug|Any CPU.ActiveCfg = Debug|Any CPU
		{11C68438-6177-4180-AB9D-D0A4B7B53472}.Debug|Any CPU.Build.0 = Debug|Any CPU
		{11C68438-6177-4180-AB9D-D0A4B7B53472}.Release|Any CPU.ActiveCfg = Release|Any CPU
		{11C68438-6177-4180-AB9D-D0A4B7B53472}.Release|Any CPU.Build.0 = Release|Any CPU
		{7594B6C1-3F39-4F24-8084-4FDE3544E608}.Debug|Any CPU.ActiveCfg = Debug|Any CPU
		{7594B6C1-3F39-4F24-8084-4FDE3544E608}.Debug|Any CPU.Build.0 = Debug|Any CPU
		{7594B6C1-3F39-4F24-8084-4FDE3544E608}.Release|Any CPU.ActiveCfg = Release|Any CPU
		{7594B6C1-3F39-4F24-8084-4FDE3544E608}.Release|Any CPU.Build.0 = Release|Any CPU
		{0A86E673-0A60-44ED-A239-1DFBA7E3F4B6}.Debug|Any CPU.ActiveCfg = Debug|Any CPU
		{0A86E673-0A60-44ED-A239-1DFBA7E3F4B6}.Debug|Any CPU.Build.0 = Debug|Any CPU
		{0A86E673-0A60-44ED-A239-1DFBA7E3F4B6}.Release|Any CPU.ActiveCfg = Release|Any CPU
		{0A86E673-0A60-44ED-A239-1DFBA7E3F4B6}.Release|Any CPU.Build.0 = Release|Any CPU
		{4E261A26-84D6-41EC-912C-296E7B4423B3}.Debug|Any CPU.ActiveCfg = Debug|Any CPU
		{4E261A26-84D6-41EC-912C-296E7B4423B3}.Debug|Any CPU.Build.0 = Debug|Any CPU
		{4E261A26-84D6-41EC-912C-296E7B4423B3}.Release|Any CPU.ActiveCfg = Release|Any CPU
		{4E261A26-84D6-41EC-912C-296E7B4423B3}.Release|Any CPU.Build.0 = Release|Any CPU
	EndGlobalSection
	GlobalSection(SolutionProperties) = preSolution
		HideSolutionNode = FALSE
	EndGlobalSection
	GlobalSection(ExtensibilityGlobals) = postSolution
		SolutionGuid = {E8E5E019-8CEC-468F-AA5A-DEA74B3C24C9}
	EndGlobalSection
EndGlobal
